<?xml version="1.0" encoding="utf-8"?>
<Project ToolsVersion="4.0" xmlns="http://schemas.microsoft.com/developer/msbuild/2003">
  <ItemGroup>
    <Filter Include="源文件">
      <UniqueIdentifier>{4FC737F1-C7A5-4376-A066-2A32D752A2FF}</UniqueIdentifier>
      <Extensions>cpp;c;cc;cxx;c++;cppm;ixx;def;odl;idl;hpj;bat;asm;asmx</Extensions>
    </Filter>
    <Filter Include="头文件">
      <UniqueIdentifier>{93995380-89BD-4b04-88EB-625FBE52EBFB}</UniqueIdentifier>
      <Extensions>h;hh;hpp;hxx;h++;hm;inl;inc;ipp;xsd</Extensions>
    </Filter>
  </ItemGroup>
  <ItemGroup>
    <ClInclude Include="_uipriv_migrate.hpp">
      <Filter>头文件</Filter>
    </ClInclude>
    <ClInclude Include="area.hpp">
      <Filter>头文件</Filter>
    </ClInclude>
    <ClInclude Include="attrstr.hpp">
      <Filter>头文件</Filter>
    </ClInclude>
    <ClInclude Include="compilerver.hpp">
      <Filter>头文件</Filter>
    </ClInclude>
    <ClInclude Include="draw.hpp">
      <Filter>头文件</Filter>
    </ClInclude>
    <ClInclude Include="resources.hpp">
      <Filter>头文件</Filter>
    </ClInclude>
    <ClInclude Include="table.hpp">
      <Filter>头文件</Filter>
    </ClInclude>
    <ClInclude Include="uipriv_windows.hpp">
      <Filter>头文件</Filter>
    </ClInclude>
    <ClInclude Include="winapi.hpp">
      <Filter>头文件</Filter>
    </ClInclude>
  </ItemGroup>
  <ItemGroup>
    <ClCompile Include="alloc.cpp">
      <Filter>源文件</Filter>
    </ClCompile>
    <ClCompile Include="area.cpp">
      <Filter>源文件</Filter>
    </ClCompile>
    <ClCompile Include="areadraw.cpp">
      <Filter>源文件</Filter>
    </ClCompile>
    <ClCompile Include="areaevents.cpp">
      <Filter>源文件</Filter>
    </ClCompile>
    <ClCompile Include="areascroll.cpp">
      <Filter>源文件</Filter>
    </ClCompile>
    <ClCompile Include="areautil.cpp">
      <Filter>源文件</Filter>
    </ClCompile>
    <ClCompile Include="attrstr.cpp">
      <Filter>源文件</Filter>
    </ClCompile>
    <ClCompile Include="box.cpp">
      <Filter>源文件</Filter>
    </ClCompile>
    <ClCompile Include="button.cpp">
      <Filter>源文件</Filter>
    </ClCompile>
    <ClCompile Include="checkbox.cpp">
      <Filter>源文件</Filter>
    </ClCompile>
    <ClCompile Include="colorbutton.cpp">
      <Filter>源文件</Filter>
    </ClCompile>
    <ClCompile Include="colordialog.cpp">
      <Filter>源文件</Filter>
    </ClCompile>
    <ClCompile Include="combobox.cpp">
      <Filter>源文件</Filter>
    </ClCompile>
    <ClCompile Include="container.cpp">
      <Filter>源文件</Filter>
    </ClCompile>
    <ClCompile Include="control.cpp">
      <Filter>源文件</Filter>
    </ClCompile>
    <ClCompile Include="d2dscratch.cpp">
      <Filter>源文件</Filter>
    </ClCompile>
    <ClCompile Include="datetimepicker.cpp">
      <Filter>源文件</Filter>
    </ClCompile>
    <ClCompile Include="debug.cpp">
      <Filter>源文件</Filter>
    </ClCompile>
    <ClCompile Include="draw.cpp">
      <Filter>源文件</Filter>
    </ClCompile>
    <ClCompile Include="drawmatrix.cpp">
      <Filter>源文件</Filter>
    </ClCompile>
    <ClCompile Include="drawpath.cpp">
      <Filter>源文件</Filter>
    </ClCompile>
    <ClCompile Include="drawtext.cpp">
      <Filter>源文件</Filter>
    </ClCompile>
    <ClCompile Include="dwrite.cpp">
      <Filter>源文件</Filter>
    </ClCompile>
    <ClCompile Include="editablecombo.cpp">
      <Filter>源文件</Filter>
    </ClCompile>
    <ClCompile Include="entry.cpp">
      <Filter>源文件</Filter>
    </ClCompile>
    <ClCompile Include="events.cpp">
      <Filter>源文件</Filter>
    </ClCompile>
    <ClCompile Include="fontbutton.cpp">
      <Filter>源文件</Filter>
    </ClCompile>
    <ClCompile Include="fontdialog.cpp">
      <Filter>源文件</Filter>
    </ClCompile>
    <ClCompile Include="fontmatch.cpp">
      <Filter>源文件</Filter>
    </ClCompile>
    <ClCompile Include="form.cpp">
      <Filter>源文件</Filter>
    </ClCompile>
    <ClCompile Include="graphemes.cpp">
      <Filter>源文件</Filter>
    </ClCompile>
    <ClCompile Include="grid.cpp">
      <Filter>源文件</Filter>
    </ClCompile>
    <ClCompile Include="group.cpp">
      <Filter>源文件</Filter>
    </ClCompile>
    <ClCompile Include="image.cpp">
      <Filter>源文件</Filter>
    </ClCompile>
    <ClCompile Include="init.cpp">
      <Filter>源文件</Filter>
    </ClCompile>
    <ClCompile Include="label.cpp">
      <Filter>源文件</Filter>
    </ClCompile>
    <ClCompile Include="main.cpp">
      <Filter>源文件</Filter>
    </ClCompile>
    <ClCompile Include="menu.cpp">
      <Filter>源文件</Filter>
    </ClCompile>
    <ClCompile Include="multilineentry.cpp">
      <Filter>源文件</Filter>
    </ClCompile>
    <ClCompile Include="opentype.cpp">
      <Filter>源文件</Filter>
    </ClCompile>
    <ClCompile Include="parent.cpp">
      <Filter>源文件</Filter>
    </ClCompile>
    <ClCompile Include="progressbar.cpp">
      <Filter>源文件</Filter>
    </ClCompile>
    <ClCompile Include="radiobuttons.cpp">
      <Filter>源文件</Filter>
    </ClCompile>
    <ClCompile Include="separator.cpp">
      <Filter>源文件</Filter>
    </ClCompile>
    <ClCompile Include="sizing.cpp">
      <Filter>源文件</Filter>
    </ClCompile>
    <ClCompile Include="slider.cpp">
      <Filter>源文件</Filter>
    </ClCompile>
    <ClCompile Include="spinbox.cpp">
      <Filter>源文件</Filter>
    </ClCompile>
    <ClCompile Include="stddialogs.cpp">
      <Filter>源文件</Filter>
    </ClCompile>
    <ClCompile Include="tab.cpp">
      <Filter>源文件</Filter>
    </ClCompile>
    <ClCompile Include="table.cpp">
      <Filter>源文件</Filter>
    </ClCompile>
    <ClCompile Include="tabledispinfo.cpp">
      <Filter>源文件</Filter>
    </ClCompile>
    <ClCompile Include="tabledraw.cpp">
      <Filter>源文件</Filter>
    </ClCompile>
    <ClCompile Include="tableediting.cpp">
      <Filter>源文件</Filter>
    </ClCompile>
    <ClCompile Include="tablemetrics.cpp">
      <Filter>源文件</Filter>
    </ClCompile>
    <ClCompile Include="tabpage.cpp">
      <Filter>源文件</Filter>
    </ClCompile>
    <ClCompile Include="text.cpp">
      <Filter>源文件</Filter>
    </ClCompile>
    <ClCompile Include="utf16.cpp">
      <Filter>源文件</Filter>
    </ClCompile>
    <ClCompile Include="utilwin.cpp">
      <Filter>源文件</Filter>
    </ClCompile>
    <ClCompile Include="window.cpp">
      <Filter>源文件</Filter>
    </ClCompile>
    <ClCompile Include="winpublic.cpp">
      <Filter>源文件</Filter>
    </ClCompile>
    <ClCompile Include="winutil.cpp">
      <Filter>源文件</Filter>
    </ClCompile>
  </ItemGroup>
  <ItemGroup>
    <Manifest Include="libui.manifest" />
  </ItemGroup>
  <ItemGroup>
    <None Include="meson.build" />
    <None Include="notes" />
  </ItemGroup>
  <ItemGroup>
    <ResourceCompile Include="resources.rc" />
  </ItemGroup>
</Project>